// !$*UTF8*$!
{
	archiveVersion = 1;
	classes = {
	};
	objectVersion = 56;
	objects = {

/* Begin PBXBuildFile section */
		A100001A2B3C4D5E6F700001 /* GOHelpApp.swift in Sources */ = {isa = PBXBuildFile; fileRef = A100010A2B3C4D5E6F700001 /* GOHelpApp.swift */; };
		A100001A2B3C4D5E6F700002 /* User.swift in Sources */ = {isa = PBXBuildFile; fileRef = A100010A2B3C4D5E6F700002 /* User.swift */; };
		A100001A2B3C4D5E6F700003 /* Medication.swift in Sources */ = {isa = PBXBuildFile; fileRef = A100010A2B3C4D5E6F700003 /* Medication.swift */; };
		A100001A2B3C4D5E6F700004 /* Patient.swift in Sources */ = {isa = PBXBuildFile; fileRef = A100010A2B3C4D5E6F700004 /* Patient.swift */; };
		A100001A2B3C4D5E6F700005 /* ChangeHistory.swift in Sources */ = {isa = PBXBuildFile; fileRef = A100010A2B3C4D5E6F700005 /* ChangeHistory.swift */; };
		A100001A2B3C4D5E6F700006 /* UserViewModel.swift in Sources */ = {isa = PBXBuildFile; fileRef = A100010A2B3C4D5E6F700006 /* UserViewModel.swift */; };
		A100001A2B3C4D5E6F700007 /* PatientViewModel.swift in Sources */ = {isa = PBXBuildFile; fileRef = A100010A2B3C4D5E6F700007 /* PatientViewModel.swift */; };
		A100001A2B3C4D5E6F700008 /* EntryView.swift in Sources */ = {isa = PBXBuildFile; fileRef = A100010A2B3C4D5E6F700008 /* EntryView.swift */; };
		A100001A2B3C4D5E6F700009 /* PatientsListView.swift in Sources */ = {isa = PBXBuildFile; fileRef = A100010A2B3C4D5E6F700009 /* PatientsListView.swift */; };
		A100001A2B3C4D5E6F70000A /* PatientFormView.swift in Sources */ = {isa = PBXBuildFile; fileRef = A100010A2B3C4D5E6F70000A /* PatientFormView.swift */; };
		A100001A2B3C4D5E6F70000B /* PatientDetailView.swift in Sources */ = {isa = PBXBuildFile; fileRef = A100010A2B3C4D5E6F70000B /* PatientDetailView.swift */; };
		A100001A2B3C4D5E6F70000C /* DashboardView.swift in Sources */ = {isa = PBXBuildFile; fileRef = A100010A2B3C4D5E6F70000C /* DashboardView.swift */; };
		A100001A2B3C4D5E6F70000D /* FirestoreService.swift in Sources */ = {isa = PBXBuildFile; fileRef = A100010A2B3C4D5E6F70000D /* FirestoreService.swift */; };
		A100001A2B3C4D5E6F70000E /* NotificationManager.swift in Sources */ = {isa = PBXBuildFile; fileRef = A100010A2B3C4D5E6F70000E /* NotificationManager.swift */; };
		A100001A2B3C4D5E6F70000F /* Assets.xcassets in Resources */ = {isa = PBXBuildFile; fileRef = A100010A2B3C4D5E6F700010 /* Assets.xcassets */; };
		A100001A2B3C4D5E6F700010 /* GoogleService-Info.plist in Resources */ = {isa = PBXBuildFile; fileRef = A100010A2B3C4D5E6F700011 /* GoogleService-Info.plist */; };
		A100001A2B3C4D5E6F700011 /* FirebaseCore in Frameworks */ = {isa = PBXBuildFile; productRef = A100009A2B3C4D5E6F700001 /* FirebaseCore */; };
		A100001A2B3C4D5E6F700012 /* FirebaseFirestore in Frameworks */ = {isa = PBXBuildFile; productRef = A100009A2B3C4D5E6F700002 /* FirebaseFirestore */; };
/* End PBXBuildFile section */

/* Begin PBXFileReference section */
		A10000AA2B3C4D5E6F700001 /* GOHelp.app */ = {isa = PBXFileReference; explicitFileType = wrapper.application; includeInIndex = 0; path = GOHelp.app; sourceTree = BUILT_PRODUCTS_DIR; };
		A100010A2B3C4D5E6F700001 /* GOHelpApp.swift */ = {isa = PBXFileReference; lastKnownFileType = sourcecode.swift; path = GOHelpApp.swift; sourceTree = "<group>"; };
		A100010A2B3C4D5E6F700002 /* User.swift */ = {isa = PBXFileReference; lastKnownFileType = sourcecode.swift; path = User.swift; sourceTree = "<group>"; };
		A100010A2B3C4D5E6F700003 /* Medication.swift */ = {isa = PBXFileReference; lastKnownFileType = sourcecode.swift; path = Medication.swift; sourceTree = "<group>"; };
		A100010A2B3C4D5E6F700004 /* Patient.swift */ = {isa = PBXFileReference; lastKnownFileType = sourcecode.swift; path = Patient.swift; sourceTree = "<group>"; };
		A100010A2B3C4D5E6F700005 /* ChangeHistory.swift */ = {isa = PBXFileReference; lastKnownFileType = sourcecode.swift; path = ChangeHistory.swift; sourceTree = "<group>"; };
		A100010A2B3C4D5E6F700006 /* UserViewModel.swift */ = {isa = PBXFileReference; lastKnownFileType = sourcecode.swift; path = UserViewModel.swift; sourceTree = "<group>"; };
		A100010A2B3C4D5E6F700007 /* PatientViewModel.swift */ = {isa = PBXFileReference; lastKnownFileType = sourcecode.swift; path = PatientViewModel.swift; sourceTree = "<group>"; };
		A100010A2B3C4D5E6F700008 /* EntryView.swift */ = {isa = PBXFileReference; lastKnownFileType = sourcecode.swift; path = EntryView.swift; sourceTree = "<group>"; };
		A100010A2B3C4D5E6F700009 /* PatientsListView.swift */ = {isa = PBXFileReference; lastKnownFileType = sourcecode.swift; path = PatientsListView.swift; sourceTree = "<group>"; };
		A100010A2B3C4D5E6F70000A /* PatientFormView.swift */ = {isa = PBXFileReference; lastKnownFileType = sourcecode.swift; path = PatientFormView.swift; sourceTree = "<group>"; };
		A100010A2B3C4D5E6F70000B /* PatientDetailView.swift */ = {isa = PBXFileReference; lastKnownFileType = sourcecode.swift; path = PatientDetailView.swift; sourceTree = "<group>"; };
		A100010A2B3C4D5E6F70000C /* DashboardView.swift */ = {isa = PBXFileReference; lastKnownFileType = sourcecode.swift; path = DashboardView.swift; sourceTree = "<group>"; };
		A100010A2B3C4D5E6F70000D /* FirestoreService.swift */ = {isa = PBXFileReference; lastKnownFileType = sourcecode.swift; path = FirestoreService.swift; sourceTree = "<group>"; };
		A100010A2B3C4D5E6F70000E /* NotificationManager.swift */ = {isa = PBXFileReference; lastKnownFileType = sourcecode.swift; path = NotificationManager.swift; sourceTree = "<group>"; };
		A100010A2B3C4D5E6F70000F /* Info.plist */ = {isa = PBXFileReference; lastKnownFileType = text.plist.xml; path = Info.plist; sourceTree = "<group>"; };
		A100010A2B3C4D5E6F700010 /* Assets.xcassets */ = {isa = PBXFileReference; lastKnownFileType = folder.assetcatalog; path = Resources/Assets.xcassets; sourceTree = "<group>"; };
		A100010A2B3C4D5E6F700011 /* GoogleService-Info.plist */ = {isa = PBXFileReference; lastKnownFileType = text.plist.xml; path = GoogleService-Info.plist; sourceTree = "<group>"; };
/* End PBXFileReference section */

/* Begin PBXFrameworksBuildPhase section */
		A100003A2B3C4D5E6F700001 /* Frameworks */ = {
			isa = PBXFrameworksBuildPhase;
			buildActionMask = 2147483647;
			files = (
				A100001A2B3C4D5E6F700011 /* FirebaseCore in Frameworks */,
				A100001A2B3C4D5E6F700012 /* FirebaseFirestore in Frameworks */,
			);
			runOnlyForDeploymentPostprocessing = 0;
		};
/* End PBXFrameworksBuildPhase section */

/* Begin PBXGroup section */
		A100004A2B3C4D5E6F700001 = {
			isa = PBXGroup;
			children = (
				A100004A2B3C4D5E6F700002 /* GOHelp */,
				A100004A2B3C4D5E6F700003 /* Products */,
			);
			sourceTree = "<group>";
		};
		A100004A2B3C4D5E6F700002 /* GOHelp */ = {
			isa = PBXGroup;
			children = (
				A100004A2B3C4D5E6F700010 /* App */,
				A100004A2B3C4D5E6F700011 /* Models */,
				A100004A2B3C4D5E6F700012 /* ViewModels */,
				A100004A2B3C4D5E6F700013 /* Views */,
				A100004A2B3C4D5E6F700014 /* Services */,
				A100004A2B3C4D5E6F700015 /* Managers */,
				A100004A2B3C4D5E6F700016 /* Resources */,
				A100010A2B3C4D5E6F70000F /* Info.plist */,
				A100010A2B3C4D5E6F700011 /* GoogleService-Info.plist */,
			);
			path = GOHelp;
			sourceTree = "<group>";
		};
		A100004A2B3C4D5E6F700003 /* Products */ = {
			isa = PBXGroup;
			children = (
				A10000AA2B3C4D5E6F700001 /* GOHelp.app */,
			);
			name = Products;
			sourceTree = "<group>";
		};
		A100004A2B3C4D5E6F700010 /* App */ = {
			isa = PBXGroup;
			children = (
				A100010A2B3C4D5E6F700001 /* GOHelpApp.swift */,
			);
			path = App;
			sourceTree = "<group>";
		};
		A100004A2B3C4D5E6F700011 /* Models */ = {
			isa = PBXGroup;
			children = (
				A100010A2B3C4D5E6F700002 /* User.swift */,
				A100010A2B3C4D5E6F700003 /* Medication.swift */,
				A100010A2B3C4D5E6F700004 /* Patient.swift */,
				A100010A2B3C4D5E6F700005 /* ChangeHistory.swift */,
			);
			path = Models;
			sourceTree = "<group>";
		};
		A100004A2B3C4D5E6F700012 /* ViewModels */ = {
			isa = PBXGroup;
			children = (
				A100010A2B3C4D5E6F700006 /* UserViewModel.swift */,
				A100010A2B3C4D5E6F700007 /* PatientViewModel.swift */,
			);
			path = ViewModels;
			sourceTree = "<group>";
		};
		A100004A2B3C4D5E6F700013 /* Views */ = {
			isa = PBXGroup;
			children = (
				A100010A2B3C4D5E6F700008 /* EntryView.swift */,
				A100010A2B3C4D5E6F700009 /* PatientsListView.swift */,
				A100010A2B3C4D5E6F70000A /* PatientFormView.swift */,
				A100010A2B3C4D5E6F70000B /* PatientDetailView.swift */,
				A100010A2B3C4D5E6F70000C /* DashboardView.swift */,
			);
			path = Views;
			sourceTree = "<group>";
		};
		A100004A2B3C4D5E6F700014 /* Services */ = {
			isa = PBXGroup;
			children = (
				A100010A2B3C4D5E6F70000D /* FirestoreService.swift */,
			);
			path = Services;
			sourceTree = "<group>";
		};
		A100004A2B3C4D5E6F700015 /* Managers */ = {
			isa = PBXGroup;
			children = (
				A100010A2B3C4D5E6F70000E /* NotificationManager.swift */,
			);
			path = Managers;
			sourceTree = "<group>";
		};
		A100004A2B3C4D5E6F700016 /* Resources */ = {
			isa = PBXGroup;
			children = (
				A100010A2B3C4D5E6F700010 /* Assets.xcassets */,
			);
			path = Resources;
			sourceTree = "<group>";
		};
/* End PBXGroup section */

/* Begin PBXNativeTarget section */
		A100000A2B3C4D5E6F700001 /* GOHelp */ = {
			isa = PBXNativeTarget;
			buildConfigurationList = A100006A2B3C4D5E6F700001 /* Build configuration list for PBXNativeTarget "GOHelp" */;
			buildPhases = (
				A100002A2B3C4D5E6F700001 /* Sources */,
				A100003A2B3C4D5E6F700001 /* Frameworks */,
				A100005A2B3C4D5E6F700001 /* Resources */,
			);
			buildRules = (
			);
			dependencies = (
			);
			name = GOHelp;
			packageProductDependencies = (
				A100009A2B3C4D5E6F700001 /* FirebaseCore */,
				A100009A2B3C4D5E6F700002 /* FirebaseFirestore */,
			);
			productName = GOHelp;
			productReference = A10000AA2B3C4D5E6F700001 /* GOHelp.app */;
			productType = "com.apple.product-type.application";
		};
/* End PBXNativeTarget section */

/* Begin PBXProject section */
		A100000A2B3C4D5E6F700000 /* Project object */ = {
			isa = PBXProject;
			attributes = {
				BuildIndependentTargetsInParallel = 1;
				LastSwiftUpdateCheck = 1600;
				LastUpgradeCheck = 1600;
				TargetAttributes = {
					A100000A2B3C4D5E6F700001 = {
						CreatedOnToolsVersion = 16.0;
					};
				};
			};
			buildConfigurationList = A100006A2B3C4D5E6F700000 /* Build configuration list for PBXProject "GOHelp" */;
			compatibilityVersion = "Xcode 14.0";
			developmentRegion = en;
			hasScannedForEncodings = 0;
			knownRegions = (
				en,
				Base,
			);
			mainGroup = A100004A2B3C4D5E6F700001;
			packageReferences = (
				A100008A2B3C4D5E6F700001 /* XCRemoteSwiftPackageReference "firebase-ios-sdk" */,
			);
			preferredProjectObjectVersion = 56;
			productRefGroup = A100004A2B3C4D5E6F700003 /* Products */;
			projectDirPath = "";
			projectRoot = "";
			targets = (
				A100000A2B3C4D5E6F700001 /* GOHelp */,
			);
		};
/* End PBXProject section */

/* Begin PBXResourcesBuildPhase section */
		A100005A2B3C4D5E6F700001 /* Resources */ = {
			isa = PBXResourcesBuildPhase;
			buildActionMask = 2147483647;
			files = (
				A100001A2B3C4D5E6F70000F /* Assets.xcassets in Resources */,
				A100001A2B3C4D5E6F700010 /* GoogleService-Info.plist in Resources */,
			);
			runOnlyForDeploymentPostprocessing = 0;
		};
/* End PBXResourcesBuildPhase section */

/* Begin PBXSourcesBuildPhase section */
		A100002A2B3C4D5E6F700001 /* Sources */ = {
			isa = PBXSourcesBuildPhase;
			buildActionMask = 2147483647;
			files = (
				A100001A2B3C4D5E6F700001 /* GOHelpApp.swift in Sources */,
				A100001A2B3C4D5E6F700002 /* User.swift in Sources */,
				A100001A2B3C4D5E6F700003 /* Medication.swift in Sources */,
				A100001A2B3C4D5E6F700004 /* Patient.swift in Sources */,
				A100001A2B3C4D5E6F700005 /* ChangeHistory.swift in Sources */,
				A100001A2B3C4D5E6F700006 /* UserViewModel.swift in Sources */,
				A100001A2B3C4D5E6F700007 /* PatientViewModel.swift in Sources */,
				A100001A2B3C4D5E6F700008 /* EntryView.swift in Sources */,
				A100001A2B3C4D5E6F700009 /* PatientsListView.swift in Sources */,
				A100001A2B3C4D5E6F70000A /* PatientFormView.swift in Sources */,
				A100001A2B3C4D5E6F70000B /* PatientDetailView.swift in Sources */,
				A100001A2B3C4D5E6F70000C /* DashboardView.swift in Sources */,
				A100001A2B3C4D5E6F70000D /* FirestoreService.swift in Sources */,
				A100001A2B3C4D5E6F70000E /* NotificationManager.swift in Sources */,
			);
			runOnlyForDeploymentPostprocessing = 0;
		};
/* End PBXSourcesBuildPhase section */

/* Begin XCBuildConfiguration section */
		A100007A2B3C4D5E6F700000 /* Debug */ = {
			isa = XCBuildConfiguration;
			buildSettings = {
				ALWAYS_SEARCH_USER_PATHS = NO;
				CLANG_ANALYZER_NONNULL = YES;
				CLANG_ANALYZER_NUMBER_OBJECT_CONVERSION = YES_AGGRESSIVE;
				CLANG_ENABLE_MODULES = YES;
				CLANG_ENABLE_OBJC_ARC = YES;
				CLANG_ENABLE_OBJC_WEAK = YES;
				CLANG_WARN_BLOCK_CAPTURE_AUTORELEASING = YES;
				CLANG_WARN_BOOL_CONVERSION = YES;
				CLANG_WARN_COMMA = YES;
				CLANG_WARN_CONSTANT_CONVERSION = YES;
				CLANG_WARN_DEPRECATED_OBJC_IMPLEMENTATIONS = YES;
				CLANG_WARN_DIRECT_OBJC_ISA_USAGE = YES_ERROR;
				CLANG_WARN_DOCUMENTATION_COMMENTS = YES;
				CLANG_WARN_EMPTY_BODY = YES;
				CLANG_WARN_ENUM_CONVERSION = YES;
				CLANG_WARN_INFINITE_RECURSION = YES;
				CLANG_WARN_INT_CONVERSION = YES;
				CLANG_WARN_NON_LITERAL_NULL_CONVERSION = YES;
				CLANG_WARN_OBJC_IMPLICIT_RETAIN_SELF = YES;
				CLANG_WARN_OBJC_LITERAL_CONVERSION = YES;
				CLANG_WARN_OBJC_ROOT_CLASS = YES_ERROR;
				CLANG_WARN_QUOTED_INCLUDE_IN_FRAMEWORK_HEADER = YES;
				CLANG_WARN_RANGE_LOOP_ANALYSIS = YES;
				CLANG_WARN_STRICT_PROTOTYPES = YES;
				CLANG_WARN_SUSPICIOUS_MOVE = YES;
				CLANG_WARN_UNGUARDED_AVAILABILITY = YES_AGGRESSIVE;
				CLANG_WARN_UNREACHABLE_CODE = YES;
				CLANG_WARN__DUPLICATE_METHOD_MATCH = YES;
				COPY_PHASE_STRIP = NO;
				DEBUG_INFORMATION_FORMAT = dwarf;
				ENABLE_STRICT_OBJC_MSGSEND = YES;
				ENABLE_TESTABILITY = YES;
				GCC_C_LANGUAGE_STANDARD = gnu17;
				GCC_DYNAMIC_NO_PIC = NO;
				GCC_NO_COMMON_BLOCKS = YES;
				GCC_OPTIMIZATION_LEVEL = 0;
				GCC_PREPROCESSOR_DEFINITIONS = (
					"DEBUG=1",
					"$(inherited)",
				);
				GCC_WARN_64_TO_32_BIT_CONVERSION = YES;
				GCC_WARN_ABOUT_RETURN_TYPE = YES_ERROR;
				GCC_WARN_UNDECLARED_SELECTOR = YES;
				GCC_WARN_UNINITIALIZED_AUTOS = YES_AGGRESSIVE;
				GCC_WARN_UNUSED_FUNCTION = YES;
				GCC_WARN_UNUSED_VARIABLE = YES;
				IPHONEOS_DEPLOYMENT_TARGET = 16.0;
				MTL_ENABLE_DEBUG_INFO = INCLUDE_SOURCE;
				MTL_FAST_MATH = YES;
				ONLY_ACTIVE_ARCH = YES;
				SDKROOT = iphoneos;
				SWIFT_ACTIVE_COMPILATION_CONDITIONS = "DEBUG $(inherited)";
				SWIFT_OPTIMIZATION_LEVEL = "-Onone";
			};
			name = Debug;
		};
		A100007A2B3C4D5E6F700001 /* Release */ = {
			isa = XCBuildConfiguration;
			buildSettings = {
				ALWAYS_SEARCH_USER_PATHS = NO;
				CLANG_ANALYZER_NONNULL = YES;
				CLANG_ANALYZER_NUMBER_OBJECT_CONVERSION = YES_AGGRESSIVE;
				CLANG_ENABLE_MODULES = YES;
				CLANG_ENABLE_OBJC_ARC = YES;
				CLANG_ENABLE_OBJC_WEAK = YES;
				CLANG_WARN_BLOCK_CAPTURE_AUTORELEASING = YES;
				CLANG_WARN_BOOL_CONVERSION = YES;
				CLANG_WARN_COMMA = YES;
				CLANG_WARN_CONSTANT_CONVERSION = YES;
				CLANG_WARN_DEPRECATED_OBJC_IMPLEMENTATIONS = YES;
				CLANG_WARN_DIRECT_OBJC_ISA_USAGE = YES_ERROR;
				CLANG_WARN_DOCUMENTATION_COMMENTS = YES;
				CLANG_WARN_EMPTY_BODY = YES;
				CLANG_WARN_ENUM_CONVERSION = YES;
				CLANG_WARN_INFINITE_RECURSION = YES;
				CLANG_WARN_INT_CONVERSION = YES;
				CLANG_WARN_NON_LITERAL_NULL_CONVERSION = YES;
				CLANG_WARN_OBJC_IMPLICIT_RETAIN_SELF = YES;
				CLANG_WARN_OBJC_LITERAL_CONVERSION = YES;
				CLANG_WARN_OBJC_ROOT_CLASS = YES_ERROR;
				CLANG_WARN_QUOTED_INCLUDE_IN_FRAMEWORK_HEADER = YES;
				CLANG_WARN_RANGE_LOOP_ANALYSIS = YES;
				CLANG_WARN_STRICT_PROTOTYPES = YES;
				CLANG_WARN_SUSPICIOUS_MOVE = YES;
				CLANG_WARN_UNGUARDED_AVAILABILITY = YES_AGGRESSIVE;
				CLANG_WARN_UNREACHABLE_CODE = YES;
				CLANG_WARN__DUPLICATE_METHOD_MATCH = YES;
				COPY_PHASE_STRIP = NO;
				DEBUG_INFORMATION_FORMAT = "dwarf-with-dsym";
				ENABLE_NS_ASSERTIONS = NO;
				ENABLE_STRICT_OBJC_MSGSEND = YES;
				GCC_C_LANGUAGE_STANDARD = gnu17;
				GCC_NO_COMMON_BLOCKS = YES;
				GCC_WARN_64_TO_32_BIT_CONVERSION = YES;
				GCC_WARN_ABOUT_RETURN_TYPE = YES_ERROR;
				GCC_WARN_UNDECLARED_SELECTOR = YES;
				GCC_WARN_UNINITIALIZED_AUTOS = YES_AGGRESSIVE;
				GCC_WARN_UNUSED_FUNCTION = YES;
				GCC_WARN_UNUSED_VARIABLE = YES;
				IPHONEOS_DEPLOYMENT_TARGET = 16.0;
				MTL_ENABLE_DEBUG_INFO = NO;
				MTL_FAST_MATH = YES;
				SDKROOT = iphoneos;
				SWIFT_COMPILATION_MODE = wholemodule;
				SWIFT_OPTIMIZATION_LEVEL = "-O";
				VALIDATE_PRODUCT = YES;
			};
			name = Release;
		};
		A100007A2B3C4D5E6F700002 /* Debug */ = {
			isa = XCBuildConfiguration;
			buildSettings = {
				ASSETCATALOG_COMPILER_APPICON_NAME = AppIcon;
				ASSETCATALOG_COMPILER_GLOBAL_ACCENT_COLOR_NAME = AccentColor;
				CODE_SIGN_STYLE = Automatic;
				CURRENT_PROJECT_VERSION = 1;
				DEVELOPMENT_TEAM = "";
				ENABLE_PREVIEWS = YES;
				GENERATE_INFOPLIST_FILE = NO;
				INFOPLIST_FILE = GOHelp/Info.plist;
				INFOPLIST_KEY_UIApplicationSupportsIndirectInputEvents = YES;
				INFOPLIST_KEY_UILaunchScreen_Generation = YES;
				INFOPLIST_KEY_UISupportedInterfaceOrientations = UIInterfaceOrientationPortrait;
				INFOPLIST_KEY_UISupportedInterfaceOrientations_iPad = "UIInterfaceOrientationPortrait UIInterfaceOrientationPortraitUpsideDown UIInterfaceOrientationLandscapeLeft UIInterfaceOrientationLandscapeRight";
				IPHONEOS_DEPLOYMENT_TARGET = 16.0;
				LD_RUNPATH_SEARCH_PATHS = (
					"$(inherited)",
					"@executable_path/Frameworks",
				);
				MARKETING_VERSION = 1.0;
				PRODUCT_BUNDLE_IDENTIFIER = com.luizcarlospf.testemedapp;
				PRODUCT_NAME = "$(TARGET_NAME)";
				SUPPORTED_PLATFORMS = "iphoneos iphonesimulator";
				SWIFT_EMIT_LOC_STRINGS = YES;
				SWIFT_VERSION = 5.0;
				TARGETED_DEVICE_FAMILY = "1,2";
			};
			name = Debug;
		};
		A100007A2B3C4D5E6F700003 /* Release */ = {
			isa = XCBuildConfiguration;
			buildSettings = {
				ASSETCATALOG_COMPILER_APPICON_NAME = AppIcon;
				ASSETCATALOG_COMPILER_GLOBAL_ACCENT_COLOR_NAME = AccentColor;
				CODE_SIGN_STYLE = Automatic;
				CURRENT_PROJECT_VERSION = 1;
				DEVELOPMENT_TEAM = "";
				ENABLE_PREVIEWS = YES;
				GENERATE_INFOPLIST_FILE = NO;
				INFOPLIST_FILE = GOHelp/Info.plist;
				IPHONEOS_DEPLOYMENT_TARGET = 16.0;
				LD_RUNPATH_SEARCH_PATHS = (
					"$(inherited)",
					"@executable_path/Frameworks",
				);
				MARKETING_VERSION = 1.0;
				PRODUCT_BUNDLE_IDENTIFIER = com.luizcarlospf.testemedapp;
				PRODUCT_NAME = "$(TARGET_NAME)";
				SUPPORTED_PLATFORMS = "iphoneos iphonesimulator";
				SWIFT_EMIT_LOC_STRINGS = YES;
				SWIFT_VERSION = 5.0;
				TARGETED_DEVICE_FAMILY = "1,2";
			};
			name = Release;
		};
/* End XCBuildConfiguration section */

/* Begin XCConfigurationList section */
		A100006A2B3C4D5E6F700000 /* Build configuration list for PBXProject "GOHelp" */ = {
			isa = XCConfigurationList;
			buildConfigurations = (
				A100007A2B3C4D5E6F700000 /* Debug */,
				A100007A2B3C4D5E6F700001 /* Release */,
			);
			defaultConfigurationIsVisible = 0;
			defaultConfigurationName = Release;
		};
		A100006A2B3C4D5E6F700001 /* Build configuration list for PBXNativeTarget "GOHelp" */ = {
			isa = XCConfigurationList;
			buildConfigurations = (
				A100007A2B3C4D5E6F700002 /* Debug */,
				A100007A2B3C4D5E6F700003 /* Release */,
			);
			defaultConfigurationIsVisible = 0;
			defaultConfigurationName = Release;
		};
/* End XCConfigurationList section */

/* Begin XCRemoteSwiftPackageReference section */
		A100008A2B3C4D5E6F700001 /* XCRemoteSwiftPackageReference "firebase-ios-sdk" */ = {
			isa = XCRemoteSwiftPackageReference;
			repositoryURL = "https://github.com/firebase/firebase-ios-sdk.git";
			requirement = {
				kind = upToNextMajorVersion;
				minimumVersion = 11.0.0;
			};
		};
/* End XCRemoteSwiftPackageReference section */

/* Begin XCSwiftPackageProductDependency section */
		A100009A2B3C4D5E6F700001 /* FirebaseCore */ = {
			isa = XCSwiftPackageProductDependency;
			package = A100008A2B3C4D5E6F700001 /* XCRemoteSwiftPackageReference "firebase-ios-sdk" */;
			productName = FirebaseCore;
		};
		A100009A2B3C4D5E6F700002 /* FirebaseFirestore */ = {
			isa = XCSwiftPackageProductDependency;
			package = A100008A2B3C4D5E6F700001 /* XCRemoteSwiftPackageReference "firebase-ios-sdk" */;
			productName = FirebaseFirestore;
		};
/* End XCSwiftPackageProductDependency section */
	};
	rootObject = A100000A2B3C4D5E6F700000 /* Project object */;
}
